
Microsoft Visual Studio Solution File, Format Version 12.00
# Visual Studio Version 16
VisualStudioVersion = 16.0.809.6
MinimumVisualStudioVersion = 10.0.40219.1
Project("{FAE04EC0-301F-11D3-BF4B-00C04F79EFBC}") = "1.BitWise", "1.BitWise\1.BitWise.csproj", "{338F3DB4-1E20-402A-AD2A-5C979C17A53B}"
EndProject
Global
	GlobalSection(SolutionConfigurationPlatforms) = preSolution
		Debug|Any CPU = Debug|Any CPU
		Release|Any CPU = Release|Any CPU
	EndGlobalSection
	GlobalSection(ProjectConfigurationPlatforms) = postSolution
		{338F3DB4-1E20-402A-AD2A-5C979C17A53B}.Debug|Any CPU.ActiveCfg = Debug|Any CPU
		{338F3DB4-1E20-402A-AD2A-5C979C17A53B}.Debug|Any CPU.Build.0 = Debug|Any CPU
		{338F3DB4-1E20-402A-AD2A-5C979C17A53B}.Release|Any CPU.ActiveCfg = Release|Any CPU
		{338F3DB4-1E20-402A-AD2A-5C979C17A53B}.Release|Any CPU.Build.0 = Release|Any CPU
	EndGlobalSection
	GlobalSection(SolutionProperties) = preSolution
		HideSolutionNode = FALSE
	EndGlobalSection
	GlobalSection(ExtensibilityGlobals) = postSolution
		SolutionGuid = {EC5000D3-3AC5-4DC8-90B4-D4AB65A53371}
	EndGlobalSection
EndGlobal
